
Microsoft Visual Studio Solution File, Format Version 12.00
Project("{FAE04EC0-301F-11D3-BF4B-00C04F79EFBC}") = "Exercise03", "Exercise03\Exercise03.csproj", "{D250A106-871E-43D8-9321-DB91C4E13FBE}"
EndProject
Project("{FAE04EC0-301F-11D3-BF4B-00C04F79EFBC}") = "ConsoleAppNew", "ConsoleAppNew\ConsoleAppNew.csproj", "{DA3E11B7-E084-4325-8609-29AF50AE6D5A}"
EndProject
Project("{FAE04EC0-301F-11D3-BF4B-00C04F79EFBC}") = "ConsoleAppNew2", "ConsoleAppNew2\ConsoleAppNew2.csproj", "{7CA34623-2C70-48B7-8D2E-CF1C82448A44}"
EndProject
Global
	GlobalSection(SolutionConfigurationPlatforms) = preSolution
		Debug|Any CPU = Debug|Any CPU
		Release|Any CPU = Release|Any CPU
	EndGlobalSection
	GlobalSection(ProjectConfigurationPlatforms) = postSolution
		{D250A106-871E-43D8-9321-DB91C4E13FBE}.Debug|Any CPU.ActiveCfg = Debug|Any CPU
		{D250A106-871E-43D8-9321-DB91C4E13FBE}.Debug|Any CPU.Build.0 = Debug|Any CPU
		{D250A106-871E-43D8-9321-DB91C4E13FBE}.Release|Any CPU.ActiveCfg = Release|Any CPU
		{D250A106-871E-43D8-9321-DB91C4E13FBE}.Release|Any CPU.Build.0 = Release|Any CPU
		{DA3E11B7-E084-4325-8609-29AF50AE6D5A}.Debug|Any CPU.ActiveCfg = Debug|Any CPU
		{DA3E11B7-E084-4325-8609-29AF50AE6D5A}.Debug|Any CPU.Build.0 = Debug|Any CPU
		{DA3E11B7-E084-4325-8609-29AF50AE6D5A}.Release|Any CPU.ActiveCfg = Release|Any CPU
		{DA3E11B7-E084-4325-8609-29AF50AE6D5A}.Release|Any CPU.Build.0 = Release|Any CPU
		{7CA34623-2C70-48B7-8D2E-CF1C82448A44}.Debug|Any CPU.ActiveCfg = Debug|Any CPU
		{7CA34623-2C70-48B7-8D2E-CF1C82448A44}.Debug|Any CPU.Build.0 = Debug|Any CPU
		{7CA34623-2C70-48B7-8D2E-CF1C82448A44}.Release|Any CPU.ActiveCfg = Release|Any CPU
		{7CA34623-2C70-48B7-8D2E-CF1C82448A44}.Release|Any CPU.Build.0 = Release|Any CPU
	EndGlobalSection
EndGlobal
